
Microsoft Visual Studio Solution File, Format Version 12.00
# Visual Studio Version 16
VisualStudioVersion = 16.0.30011.22
MinimumVisualStudioVersion = 10.0.40219.1
Project("{FAE04EC0-301F-11D3-BF4B-00C04F79EFBC}") = "StatusStrip", "StatusStrip\StatusStrip.csproj", "{BB50C2D2-76A9-479B-B50D-52B46EB05F2E}"
EndProject
Global
	GlobalSection(SolutionConfigurationPlatforms) = preSolution
		Debug|Any CPU = Debug|Any CPU
		Release|Any CPU = Release|Any CPU
	EndGlobalSection
	GlobalSection(ProjectConfigurationPlatforms) = postSolution
		{BB50C2D2-76A9-479B-B50D-52B46EB05F2E}.Debug|Any CPU.ActiveCfg = Debug|Any CPU
		{BB50C2D2-76A9-479B-B50D-52B46EB05F2E}.Debug|Any CPU.Build.0 = Debug|Any CPU
		{BB50C2D2-76A9-479B-B50D-52B46EB05F2E}.Release|Any CPU.ActiveCfg = Release|Any CPU
		{BB50C2D2-76A9-479B-B50D-52B46EB05F2E}.Release|Any CPU.Build.0 = Release|Any CPU
	EndGlobalSection
	GlobalSection(SolutionProperties) = preSolution
		HideSolutionNode = FALSE
	EndGlobalSection
	GlobalSection(ExtensibilityGlobals) = postSolution
		SolutionGuid = {7D1F497A-3E1E-4BF7-A07D-ABE50A113E09}
	EndGlobalSection
EndGlobal
