
Microsoft Visual Studio Solution File, Format Version 12.00
# Visual Studio Version 16
VisualStudioVersion = 16.0.30204.135
MinimumVisualStudioVersion = 10.0.40219.1
Project("{FAE04EC0-301F-11D3-BF4B-00C04F79EFBC}") = "Namespaces", "Namespaces\Namespaces.csproj", "{FA8DFEFB-311F-4600-92D1-A139BE7B8D0E}"
EndProject
Global
	GlobalSection(SolutionConfigurationPlatforms) = preSolution
		Debug|Any CPU = Debug|Any CPU
		Release|Any CPU = Release|Any CPU
	EndGlobalSection
	GlobalSection(ProjectConfigurationPlatforms) = postSolution
		{FA8DFEFB-311F-4600-92D1-A139BE7B8D0E}.Debug|Any CPU.ActiveCfg = Debug|Any CPU
		{FA8DFEFB-311F-4600-92D1-A139BE7B8D0E}.Debug|Any CPU.Build.0 = Debug|Any CPU
		{FA8DFEFB-311F-4600-92D1-A139BE7B8D0E}.Release|Any CPU.ActiveCfg = Release|Any CPU
		{FA8DFEFB-311F-4600-92D1-A139BE7B8D0E}.Release|Any CPU.Build.0 = Release|Any CPU
	EndGlobalSection
	GlobalSection(SolutionProperties) = preSolution
		HideSolutionNode = FALSE
	EndGlobalSection
	GlobalSection(ExtensibilityGlobals) = postSolution
		SolutionGuid = {76A78CFF-8228-4761-81C1-45CD794A51FB}
	EndGlobalSection
EndGlobal
